Microsoft Visual Studio Solution File, Format Version 12.00
# Visual Studio 2012
Project("{FAE04EC0-301F-11D3-BF4B-00C04F79EFBC}") = "CardReaderSwipe", "CardReaderSwipe.csproj", "{29E939E3-D6A4-4B03-BBCC-1C0C4E89DDA1}"
EndProject
Project("{FAE04EC0-301F-11D3-BF4B-00C04F79EFBC}") = "CardReaderService", "CardReaderService\CardReaderService.csproj", "{832D3AC5-5D14-4A40-AE43-FA77056B6334}"
EndProject
Global
	GlobalSection(SolutionConfigurationPlatforms) = preSolution
		Debug|Any CPU = Debug|Any CPU
		Release|Any CPU = Release|Any CPU
	EndGlobalSection
	GlobalSection(ProjectConfigurationPlatforms) = postSolution
		{29E939E3-D6A4-4B03-BBCC-1C0C4E89DDA1}.Debug|Any CPU.ActiveCfg = Debug|Any CPU
		{29E939E3-D6A4-4B03-BBCC-1C0C4E89DDA1}.Debug|Any CPU.Build.0 = Debug|Any CPU
		{29E939E3-D6A4-4B03-BBCC-1C0C4E89DDA1}.Release|Any CPU.ActiveCfg = Release|Any CPU
		{29E939E3-D6A4-4B03-BBCC-1C0C4E89DDA1}.Release|Any CPU.Build.0 = Release|Any CPU
		{832D3AC5-5D14-4A40-AE43-FA77056B6334}.Debug|Any CPU.ActiveCfg = Debug|Any CPU
		{832D3AC5-5D14-4A40-AE43-FA77056B6334}.Debug|Any CPU.Build.0 = Debug|Any CPU
		{832D3AC5-5D14-4A40-AE43-FA77056B6334}.Release|Any CPU.ActiveCfg = Release|Any CPU
		{832D3AC5-5D14-4A40-AE43-FA77056B6334}.Release|Any CPU.Build.0 = Release|Any CPU
	EndGlobalSection
	GlobalSection(SolutionProperties) = preSolution
		HideSolutionNode = FALSE
	EndGlobalSection
EndGlobal
